
Microsoft Visual Studio Solution File, Format Version 12.00
# Visual Studio Version 17
VisualStudioVersion = 17.5.002.0
MinimumVisualStudioVersion = 10.0.40219.1
Project("{9A19103F-16F7-4668-BE54-9A1E7A4F7556}") = "Catalog.Infrastructure", "Catalog.Infrastructure.csproj", "{15F5913F-063A-4B86-B0D1-F9ED4BD215B5}"
EndProject
Global
	GlobalSection(SolutionConfigurationPlatforms) = preSolution
		Debug|Any CPU = Debug|Any CPU
		Release|Any CPU = Release|Any CPU
	EndGlobalSection
	GlobalSection(ProjectConfigurationPlatforms) = postSolution
		{15F5913F-063A-4B86-B0D1-F9ED4BD215B5}.Debug|Any CPU.ActiveCfg = Debug|Any CPU
		{15F5913F-063A-4B86-B0D1-F9ED4BD215B5}.Debug|Any CPU.Build.0 = Debug|Any CPU
		{15F5913F-063A-4B86-B0D1-F9ED4BD215B5}.Release|Any CPU.ActiveCfg = Release|Any CPU
		{15F5913F-063A-4B86-B0D1-F9ED4BD215B5}.Release|Any CPU.Build.0 = Release|Any CPU
	EndGlobalSection
	GlobalSection(SolutionProperties) = preSolution
		HideSolutionNode = FALSE
	EndGlobalSection
	GlobalSection(ExtensibilityGlobals) = postSolution
		SolutionGuid = {BA13756C-9C56-48FC-9932-61DAD3F48496}
	EndGlobalSection
EndGlobal
